
Microsoft Visual Studio Solution File, Format Version 12.00
# Visual Studio 15
VisualStudioVersion = 15.0.28307.329
MinimumVisualStudioVersion = 10.0.40219.1
Project("{FAE04EC0-301F-11D3-BF4B-00C04F79EFBC}") = "ARNetworkManager", "ARNetworkManager\ARNetworkManager.csproj", "{0D76DA91-583A-40E6-9E6F-654FF4FDD197}"
EndProject
Global
	GlobalSection(SolutionConfigurationPlatforms) = preSolution
		Debug|Any CPU = Debug|Any CPU
		Release|Any CPU = Release|Any CPU
	EndGlobalSection
	GlobalSection(ProjectConfigurationPlatforms) = postSolution
		{0D76DA91-583A-40E6-9E6F-654FF4FDD197}.Debug|Any CPU.ActiveCfg = Debug|Any CPU
		{0D76DA91-583A-40E6-9E6F-654FF4FDD197}.Debug|Any CPU.Build.0 = Debug|Any CPU
		{0D76DA91-583A-40E6-9E6F-654FF4FDD197}.Release|Any CPU.ActiveCfg = Release|Any CPU
		{0D76DA91-583A-40E6-9E6F-654FF4FDD197}.Release|Any CPU.Build.0 = Release|Any CPU
	EndGlobalSection
	GlobalSection(SolutionProperties) = preSolution
		HideSolutionNode = FALSE
	EndGlobalSection
	GlobalSection(ExtensibilityGlobals) = postSolution
		SolutionGuid = {3F96AC87-72F9-480D-8A00-649F0F1DC2FB}
	EndGlobalSection
EndGlobal
